// !$*UTF8*$!
{
	archiveVersion = 1;
	classes = {
	};
	objectVersion = 51;
	objects = {

/* Begin PBXBuildFile section */
		E389AF26229DBEA500325834 /* AppDelegate.swift in Sources */ = {isa = PBXBuildFile; fileRef = E389AF25229DBEA500325834 /* AppDelegate.swift */; };
		E389AF28229DBEA500325834 /* ViewController.swift in Sources */ = {isa = PBXBuildFile; fileRef = E389AF27229DBEA500325834 /* ViewController.swift */; };
		E389AF2B229DBEA500325834 /* Main.storyboard in Resources */ = {isa = PBXBuildFile; fileRef = E389AF29229DBEA500325834 /* Main.storyboard */; };
		E389AF2E229DBEA500325834 /* AppCompras.xcdatamodeld in Sources */ = {isa = PBXBuildFile; fileRef = E389AF2C229DBEA500325834 /* AppCompras.xcdatamodeld */; };
		E389AF30229DBEA600325834 /* Assets.xcassets in Resources */ = {isa = PBXBuildFile; fileRef = E389AF2F229DBEA600325834 /* Assets.xcassets */; };
		E389AF33229DBEA600325834 /* LaunchScreen.storyboard in Resources */ = {isa = PBXBuildFile; fileRef = E389AF31229DBEA600325834 /* LaunchScreen.storyboard */; };
		E408A1FF01523B174759E8E9 /* Pods_AppCompras.framework in Frameworks */ = {isa = PBXBuildFile; fileRef = 45714C7925773F8C1ED5E037 /* Pods_AppCompras.framework */; };
/* End PBXBuildFile section */

/* Begin PBXFileReference section */
		45714C7925773F8C1ED5E037 /* Pods_AppCompras.framework */ = {isa = PBXFileReference; explicitFileType = wrapper.framework; includeInIndex = 0; path = Pods_AppCompras.framework; sourceTree = BUILT_PRODUCTS_DIR; };
		7971F8F0CC277DF986FADB51 /* Pods-AppCompras.debug.xcconfig */ = {isa = PBXFileReference; includeInIndex = 1; lastKnownFileType = text.xcconfig; name = "Pods-AppCompras.debug.xcconfig"; path = "Target Support Files/Pods-AppCompras/Pods-AppCompras.debug.xcconfig"; sourceTree = "<group>"; };
		A39C9260B2DFDAB8138520EE /* Pods-AppCompras.release.xcconfig */ = {isa = PBXFileReference; includeInIndex = 1; lastKnownFileType = text.xcconfig; name = "Pods-AppCompras.release.xcconfig"; path = "Target Support Files/Pods-AppCompras/Pods-AppCompras.release.xcconfig"; sourceTree = "<group>"; };
		E389AF22229DBEA500325834 /* AppCompras.app */ = {isa = PBXFileReference; explicitFileType = wrapper.application; includeInIndex = 0; path = AppCompras.app; sourceTree = BUILT_PRODUCTS_DIR; };
		E389AF25229DBEA500325834 /* AppDelegate.swift */ = {isa = PBXFileReference; lastKnownFileType = sourcecode.swift; path = AppDelegate.swift; sourceTree = "<group>"; };
		E389AF27229DBEA500325834 /* ViewController.swift */ = {isa = PBXFileReference; lastKnownFileType = sourcecode.swift; path = ViewController.swift; sourceTree = "<group>"; };
		E389AF2A229DBEA500325834 /* Base */ = {isa = PBXFileReference; lastKnownFileType = file.storyboard; name = Base; path = Base.lproj/Main.storyboard; sourceTree = "<group>"; };
		E389AF2D229DBEA500325834 /* AppCompras.xcdatamodel */ = {isa = PBXFileReference; lastKnownFileType = wrapper.xcdatamodel; path = AppCompras.xcdatamodel; sourceTree = "<group>"; };
		E389AF2F229DBEA600325834 /* Assets.xcassets */ = {isa = PBXFileReference; lastKnownFileType = folder.assetcatalog; path = Assets.xcassets; sourceTree = "<group>"; };
		E389AF32229DBEA600325834 /* Base */ = {isa = PBXFileReference; lastKnownFileType = file.storyboard; name = Base; path = Base.lproj/LaunchScreen.storyboard; sourceTree = "<group>"; };
		E389AF34229DBEA600325834 /* Info.plist */ = {isa = PBXFileReference; lastKnownFileType = text.plist.xml; path = Info.plist; sourceTree = "<group>"; };
/* End PBXFileReference section */

/* Begin PBXFrameworksBuildPhase section */
		E389AF1F229DBEA500325834 /* Frameworks */ = {
			isa = PBXFrameworksBuildPhase;
			buildActionMask = 2147483647;
			files = (
				E408A1FF01523B174759E8E9 /* Pods_AppCompras.framework in Frameworks */,
			);
			runOnlyForDeploymentPostprocessing = 0;
		};
/* End PBXFrameworksBuildPhase section */

/* Begin PBXGroup section */
		1FF87A02AAA78469957F94DA /* Frameworks */ = {
			isa = PBXGroup;
			children = (
				45714C7925773F8C1ED5E037 /* Pods_AppCompras.framework */,
			);
			name = Frameworks;
			sourceTree = "<group>";
		};
		E389AF19229DBEA500325834 = {
			isa = PBXGroup;
			children = (
				E389AF24229DBEA500325834 /* AppCompras */,
				E389AF23229DBEA500325834 /* Products */,
				F819D75642461514C6497F00 /* Pods */,
				1FF87A02AAA78469957F94DA /* Frameworks */,
			);
			sourceTree = "<group>";
		};
		E389AF23229DBEA500325834 /* Products */ = {
			isa = PBXGroup;
			children = (
				E389AF22229DBEA500325834 /* AppCompras.app */,
			);
			name = Products;
			sourceTree = "<group>";
		};
		E389AF24229DBEA500325834 /* AppCompras */ = {
			isa = PBXGroup;
			children = (
				E389AF25229DBEA500325834 /* AppDelegate.swift */,
				E389AF27229DBEA500325834 /* ViewController.swift */,
				E389AF29229DBEA500325834 /* Main.storyboard */,
				E389AF2F229DBEA600325834 /* Assets.xcassets */,
				E389AF31229DBEA600325834 /* LaunchScreen.storyboard */,
				E389AF34229DBEA600325834 /* Info.plist */,
				E389AF2C229DBEA500325834 /* AppCompras.xcdatamodeld */,
			);
			path = AppCompras;
			sourceTree = "<group>";
		};
		F819D75642461514C6497F00 /* Pods */ = {
			isa = PBXGroup;
			children = (
				7971F8F0CC277DF986FADB51 /* Pods-AppCompras.debug.xcconfig */,
				A39C9260B2DFDAB8138520EE /* Pods-AppCompras.release.xcconfig */,
			);
			path = Pods;
			sourceTree = "<group>";
		};
/* End PBXGroup section */

/* Begin PBXNativeTarget section */
		E389AF21229DBEA500325834 /* AppCompras */ = {
			isa = PBXNativeTarget;
			buildConfigurationList = E389AF37229DBEA600325834 /* Build configuration list for PBXNativeTarget "AppCompras" */;
			buildPhases = (
				97FE5A624CE931F6A9EDC982 /* [CP] Check Pods Manifest.lock */,
				E389AF1E229DBEA500325834 /* Sources */,
				E389AF1F229DBEA500325834 /* Frameworks */,
				E389AF20229DBEA500325834 /* Resources */,
				8FEAFECFB4592EAA56874573 /* [CP] Embed Pods Frameworks */,
			);
			buildRules = (
			);
			dependencies = (
			);
			name = AppCompras;
			productName = AppCompras;
			productReference = E389AF22229DBEA500325834 /* AppCompras.app */;
			productType = "com.apple.product-type.application";
		};
/* End PBXNativeTarget section */

/* Begin PBXProject section */
		E389AF1A229DBEA500325834 /* Project object */ = {
			isa = PBXProject;
			attributes = {
				LastSwiftUpdateCheck = 1010;
				LastUpgradeCheck = 1010;
				ORGANIZATIONNAME = Tecsup;
				TargetAttributes = {
					E389AF21229DBEA500325834 = {
						CreatedOnToolsVersion = 10.1;
					};
				};
			};
			buildConfigurationList = E389AF1D229DBEA500325834 /* Build configuration list for PBXProject "AppCompras" */;
			compatibilityVersion = "Xcode 9.3";
			developmentRegion = en;
			hasScannedForEncodings = 0;
			knownRegions = (
				en,
				Base,
			);
			mainGroup = E389AF19229DBEA500325834;
			productRefGroup = E389AF23229DBEA500325834 /* Products */;
			projectDirPath = "";
			projectRoot = "";
			targets = (
				E389AF21229DBEA500325834 /* AppCompras */,
			);
		};
/* End PBXProject section */

/* Begin PBXResourcesBuildPhase section */
		E389AF20229DBEA500325834 /* Resources */ = {
			isa = PBXResourcesBuildPhase;
			buildActionMask = 2147483647;
			files = (
				E389AF33229DBEA600325834 /* LaunchScreen.storyboard in Resources */,
				E389AF30229DBEA600325834 /* Assets.xcassets in Resources */,
				E389AF2B229DBEA500325834 /* Main.storyboard in Resources */,
			);
			runOnlyForDeploymentPostprocessing = 0;
		};
/* End PBXResourcesBuildPhase section */

/* Begin PBXShellScriptBuildPhase section */
		8FEAFECFB4592EAA56874573 /* [CP] Embed Pods Frameworks */ = {
			isa = PBXShellScriptBuildPhase;
			buildActionMask = 2147483647;
			files = (
			);
			inputFileListPaths = (
				"${PODS_ROOT}/Target Support Files/Pods-AppCompras/Pods-AppCompras-frameworks-${CONFIGURATION}-input-files.xcfilelist",
			);
			name = "[CP] Embed Pods Frameworks";
			outputFileListPaths = (
				"${PODS_ROOT}/Target Support Files/Pods-AppCompras/Pods-AppCompras-frameworks-${CONFIGURATION}-output-files.xcfilelist",
			);
			runOnlyForDeploymentPostprocessing = 0;
			shellPath = /bin/sh;
			shellScript = "\"${PODS_ROOT}/Target Support Files/Pods-AppCompras/Pods-AppCompras-frameworks.sh\"\n";
			showEnvVarsInLog = 0;
		};
		97FE5A624CE931F6A9EDC982 /* [CP] Check Pods Manifest.lock */ = {
			isa = PBXShellScriptBuildPhase;
			buildActionMask = 2147483647;
			files = (
			);
			inputFileListPaths = (
			);
			inputPaths = (
				"${PODS_PODFILE_DIR_PATH}/Podfile.lock",
				"${PODS_ROOT}/Manifest.lock",
			);
			name = "[CP] Check Pods Manifest.lock";
			outputFileListPaths = (
			);
			outputPaths = (
				"$(DERIVED_FILE_DIR)/Pods-AppCompras-checkManifestLockResult.txt",
			);
			runOnlyForDeploymentPostprocessing = 0;
			shellPath = /bin/sh;
			shellScript = "diff \"${PODS_PODFILE_DIR_PATH}/Podfile.lock\" \"${PODS_ROOT}/Manifest.lock\" > /dev/null\nif [ $? != 0 ] ; then\n    # print error to STDERR\n    echo \"error: The sandbox is not in sync with the Podfile.lock. Run 'pod install' or update your CocoaPods installation.\" >&2\n    exit 1\nfi\n# This output is used by Xcode 'outputs' to avoid re-running this script phase.\necho \"SUCCESS\" > \"${SCRIPT_OUTPUT_FILE_0}\"\n";
			showEnvVarsInLog = 0;
		};
/* End PBXShellScriptBuildPhase section */

/* Begin PBXSourcesBuildPhase section */
		E389AF1E229DBEA500325834 /* Sources */ = {
			isa = PBXSourcesBuildPhase;
			buildActionMask = 2147483647;
			files = (
				E389AF2E229DBEA500325834 /* AppCompras.xcdatamodeld in Sources */,
				E389AF28229DBEA500325834 /* ViewController.swift in Sources */,
				E389AF26229DBEA500325834 /* AppDelegate.swift in Sources */,
			);
			runOnlyForDeploymentPostprocessing = 0;
		};
/* End PBXSourcesBuildPhase section */

/* Begin PBXVariantGroup section */
		E389AF29229DBEA500325834 /* Main.storyboard */ = {
			isa = PBXVariantGroup;
			children = (
				E389AF2A229DBEA500325834 /* Base */,
			);
			name = Main.storyboard;
			sourceTree = "<group>";
		};
		E389AF31229DBEA600325834 /* LaunchScreen.storyboard */ = {
			isa = PBXVariantGroup;
			children = (
				E389AF32229DBEA600325834 /* Base */,
			);
			name = LaunchScreen.storyboard;
			sourceTree = "<group>";
		};
/* End PBXVariantGroup section */

/* Begin XCBuildConfiguration section */
		E389AF35229DBEA600325834 /* Debug */ = {
			isa = XCBuildConfiguration;
			buildSettings = {
				ALWAYS_SEARCH_USER_PATHS = NO;
				CLANG_ANALYZER_NONNULL = YES;
				CLANG_ANALYZER_NUMBER_OBJECT_CONVERSION = YES_AGGRESSIVE;
				CLANG_CXX_LANGUAGE_STANDARD = "gnu++14";
				CLANG_CXX_LIBRARY = "libc++";
				CLANG_ENABLE_MODULES = YES;
				CLANG_ENABLE_OBJC_ARC = YES;
				CLANG_ENABLE_OBJC_WEAK = YES;
				CLANG_WARN_BLOCK_CAPTURE_AUTORELEASING = YES;
				CLANG_WARN_BOOL_CONVERSION = YES;
				CLANG_WARN_COMMA = YES;
				CLANG_WARN_CONSTANT_CONVERSION = YES;
				CLANG_WARN_DEPRECATED_OBJC_IMPLEMENTATIONS = YES;
				CLANG_WARN_DIRECT_OBJC_ISA_USAGE = YES_ERROR;
				CLANG_WARN_DOCUMENTATION_COMMENTS = YES;
				CLANG_WARN_EMPTY_BODY = YES;
				CLANG_WARN_ENUM_CONVERSION = YES;
				CLANG_WARN_INFINITE_RECURSION = YES;
				CLANG_WARN_INT_CONVERSION = YES;
				CLANG_WARN_NON_LITERAL_NULL_CONVERSION = YES;
				CLANG_WARN_OBJC_IMPLICIT_RETAIN_SELF = YES;
				CLANG_WARN_OBJC_LITERAL_CONVERSION = YES;
				CLANG_WARN_OBJC_ROOT_CLASS = YES_ERROR;
				CLANG_WARN_RANGE_LOOP_ANALYSIS = YES;
				CLANG_WARN_STRICT_PROTOTYPES = YES;
				CLANG_WARN_SUSPICIOUS_MOVE = YES;
				CLANG_WARN_UNGUARDED_AVAILABILITY = YES_AGGRESSIVE;
				CLANG_WARN_UNREACHABLE_CODE = YES;
				CLANG_WARN__DUPLICATE_METHOD_MATCH = YES;
				CODE_SIGN_IDENTITY = "iPhone Developer";
				COPY_PHASE_STRIP = NO;
				DEBUG_INFORMATION_FORMAT = dwarf;
				ENABLE_STRICT_OBJC_MSGSEND = YES;
				ENABLE_TESTABILITY = YES;
				GCC_C_LANGUAGE_STANDARD = gnu11;
				GCC_DYNAMIC_NO_PIC = NO;
				GCC_NO_COMMON_BLOCKS = YES;
				GCC_OPTIMIZATION_LEVEL = 0;
				GCC_PREPROCESSOR_DEFINITIONS = (
					"DEBUG=1",
					"$(inherited)",
				);
				GCC_WARN_64_TO_32_BIT_CONVERSION = YES;
				GCC_WARN_ABOUT_RETURN_TYPE = YES_ERROR;
				GCC_WARN_UNDECLARED_SELECTOR = YES;
				GCC_WARN_UNINITIALIZED_AUTOS = YES_AGGRESSIVE;
				GCC_WARN_UNUSED_FUNCTION = YES;
				GCC_WARN_UNUSED_VARIABLE = YES;
				IPHONEOS_DEPLOYMENT_TARGET = 12.1;
				MTL_ENABLE_DEBUG_INFO = INCLUDE_SOURCE;
				MTL_FAST_MATH = YES;
				ONLY_ACTIVE_ARCH = YES;
				SDKROOT = iphoneos;
				SWIFT_ACTIVE_COMPILATION_CONDITIONS = DEBUG;
				SWIFT_OPTIMIZATION_LEVEL = "-Onone";
			};
			name = Debug;
		};
		E389AF36229DBEA600325834 /* Release */ = {
			isa = XCBuildConfiguration;
			buildSettings = {
				ALWAYS_SEARCH_USER_PATHS = NO;
				CLANG_ANALYZER_NONNULL = YES;
				CLANG_ANALYZER_NUMBER_OBJECT_CONVERSION = YES_AGGRESSIVE;
				CLANG_CXX_LANGUAGE_STANDARD = "gnu++14";
				CLANG_CXX_LIBRARY = "libc++";
				CLANG_ENABLE_MODULES = YES;
				CLANG_ENABLE_OBJC_ARC = YES;
				CLANG_ENABLE_OBJC_WEAK = YES;
				CLANG_WARN_BLOCK_CAPTURE_AUTORELEASING = YES;
				CLANG_WARN_BOOL_CONVERSION = YES;
				CLANG_WARN_COMMA = YES;
				CLANG_WARN_CONSTANT_CONVERSION = YES;
				CLANG_WARN_DEPRECATED_OBJC_IMPLEMENTATIONS = YES;
				CLANG_WARN_DIRECT_OBJC_ISA_USAGE = YES_ERROR;
				CLANG_WARN_DOCUMENTATION_COMMENTS = YES;
				CLANG_WARN_EMPTY_BODY = YES;
				CLANG_WARN_ENUM_CONVERSION = YES;
				CLANG_WARN_INFINITE_RECURSION = YES;
				CLANG_WARN_INT_CONVERSION = YES;
				CLANG_WARN_NON_LITERAL_NULL_CONVERSION = YES;
				CLANG_WARN_OBJC_IMPLICIT_RETAIN_SELF = YES;
				CLANG_WARN_OBJC_LITERAL_CONVERSION = YES;
				CLANG_WARN_OBJC_ROOT_CLASS = YES_ERROR;
				CLANG_WARN_RANGE_LOOP_ANALYSIS = YES;
				CLANG_WARN_STRICT_PROTOTYPES = YES;
				CLANG_WARN_SUSPICIOUS_MOVE = YES;
				CLANG_WARN_UNGUARDED_AVAILABILITY = YES_AGGRESSIVE;
				CLANG_WARN_UNREACHABLE_CODE = YES;
				CLANG_WARN__DUPLICATE_METHOD_MATCH = YES;
				CODE_SIGN_IDENTITY = "iPhone Developer";
				COPY_PHASE_STRIP = NO;
				DEBUG_INFORMATION_FORMAT = "dwarf-with-dsym";
				ENABLE_NS_ASSERTIONS = NO;
				ENABLE_STRICT_OBJC_MSGSEND = YES;
				GCC_C_LANGUAGE_STANDARD = gnu11;
				GCC_NO_COMMON_BLOCKS = YES;
				GCC_WARN_64_TO_32_BIT_CONVERSION = YES;
				GCC_WARN_ABOUT_RETURN_TYPE = YES_ERROR;
				GCC_WARN_UNDECLARED_SELECTOR = YES;
				GCC_WARN_UNINITIALIZED_AUTOS = YES_AGGRESSIVE;
				GCC_WARN_UNUSED_FUNCTION = YES;
				GCC_WARN_UNUSED_VARIABLE = YES;
				IPHONEOS_DEPLOYMENT_TARGET = 12.1;
				MTL_ENABLE_DEBUG_INFO = NO;
				MTL_FAST_MATH = YES;
				SDKROOT = iphoneos;
				SWIFT_COMPILATION_MODE = wholemodule;
				SWIFT_OPTIMIZATION_LEVEL = "-O";
				VALIDATE_PRODUCT = YES;
			};
			name = Release;
		};
		E389AF38229DBEA600325834 /* Debug */ = {
			isa = XCBuildConfiguration;
			baseConfigurationReference = 7971F8F0CC277DF986FADB51 /* Pods-AppCompras.debug.xcconfig */;
			buildSettings = {
				ASSETCATALOG_COMPILER_APPICON_NAME = AppIcon;
				CODE_SIGN_STYLE = Automatic;
				DEVELOPMENT_TEAM = VACTTZKVP5;
				INFOPLIST_FILE = AppCompras/Info.plist;
				LD_RUNPATH_SEARCH_PATHS = (
					"$(inherited)",
					"@executable_path/Frameworks",
				);
				PRODUCT_BUNDLE_IDENTIFIER = com.jrivera.AppCompras;
				PRODUCT_NAME = "$(TARGET_NAME)";
				SWIFT_VERSION = 4.0;
				TARGETED_DEVICE_FAMILY = "1,2";
			};
			name = Debug;
		};
		E389AF39229DBEA600325834 /* Release */ = {
			isa = XCBuildConfiguration;
			baseConfigurationReference = A39C9260B2DFDAB8138520EE /* Pods-AppCompras.release.xcconfig */;
			buildSettings = {
				ASSETCATALOG_COMPILER_APPICON_NAME = AppIcon;
				CODE_SIGN_STYLE = Automatic;
				DEVELOPMENT_TEAM = VACTTZKVP5;
				INFOPLIST_FILE = AppCompras/Info.plist;
				LD_RUNPATH_SEARCH_PATHS = (
					"$(inherited)",
					"@executable_path/Frameworks",
				);
				PRODUCT_BUNDLE_IDENTIFIER = com.jrivera.AppCompras;
				PRODUCT_NAME = "$(TARGET_NAME)";
				SWIFT_VERSION = 4.0;
				TARGETED_DEVICE_FAMILY = "1,2";
			};
			name = Release;
		};
/* End XCBuildConfiguration section */

/* Begin XCConfigurationList section */
		E389AF1D229DBEA500325834 /* Build configuration list for PBXProject "AppCompras" */ = {
			isa = XCConfigurationList;
			buildConfigurations = (
				E389AF35229DBEA600325834 /* Debug */,
				E389AF36229DBEA600325834 /* Release */,
			);
			defaultConfigurationIsVisible = 0;
			defaultConfigurationName = Release;
		};
		E389AF37229DBEA600325834 /* Build configuration list for PBXNativeTarget "AppCompras" */ = {
			isa = XCConfigurationList;
			buildConfigurations = (
				E389AF38229DBEA600325834 /* Debug */,
				E389AF39229DBEA600325834 /* Release */,
			);
			defaultConfigurationIsVisible = 0;
			defaultConfigurationName = Release;
		};
/* End XCConfigurationList section */

/* Begin XCVersionGroup section */
		E389AF2C229DBEA500325834 /* AppCompras.xcdatamodeld */ = {
			isa = XCVersionGroup;
			children = (
				E389AF2D229DBEA500325834 /* AppCompras.xcdatamodel */,
			);
			currentVersion = E389AF2D229DBEA500325834 /* AppCompras.xcdatamodel */;
			path = AppCompras.xcdatamodeld;
			sourceTree = "<group>";
			versionGroupType = wrapper.xcdatamodel;
		};
/* End XCVersionGroup section */
	};
	rootObject = E389AF1A229DBEA500325834 /* Project object */;
}
