// !$*UTF8*$!
{
	archiveVersion = 1;
	classes = {
	};
	objectVersion = 51;
	objects = {

/* Begin PBXBuildFile section */
		E32C32D722AAF576004BC16A /* ProductoModel.swift in Sources */ = {isa = PBXBuildFile; fileRef = E32C32D622AAF576004BC16A /* ProductoModel.swift */; };
		E33C3BD222B718590053F06F /* ProductosCollection.swift in Sources */ = {isa = PBXBuildFile; fileRef = E33C3BD122B718590053F06F /* ProductosCollection.swift */; };
		E33C3BD422B71A030053F06F /* ProductosTableView.swift in Sources */ = {isa = PBXBuildFile; fileRef = E33C3BD322B71A030053F06F /* ProductosTableView.swift */; };
		E33C3BD622B71AF10053F06F /* UltimaCompraCell.swift in Sources */ = {isa = PBXBuildFile; fileRef = E33C3BD522B71AF10053F06F /* UltimaCompraCell.swift */; };
		E33C3BD822B71B5C0053F06F /* PromocionesCell.swift in Sources */ = {isa = PBXBuildFile; fileRef = E33C3BD722B71B5C0053F06F /* PromocionesCell.swift */; };
		E33C3BDA22B71BA50053F06F /* ProductosCell.swift in Sources */ = {isa = PBXBuildFile; fileRef = E33C3BD922B71BA50053F06F /* ProductosCell.swift */; };
		E33C3BDC22B748650053F06F /* ProductoArray.swift in Sources */ = {isa = PBXBuildFile; fileRef = E33C3BDB22B748650053F06F /* ProductoArray.swift */; };
		E348471E22C04C5600FABDA2 /* UltimosProductos.swift in Sources */ = {isa = PBXBuildFile; fileRef = E348471D22C04C5600FABDA2 /* UltimosProductos.swift */; };
		E359F1D922B05FE2000051A6 /* beep-07.mp3 in Resources */ = {isa = PBXBuildFile; fileRef = E359F1D822B05FE2000051A6 /* beep-07.mp3 */; };
		E37AF18822B61AFF002E107C /* ProductoTableViewCell.swift in Sources */ = {isa = PBXBuildFile; fileRef = E37AF18722B61AFF002E107C /* ProductoTableViewCell.swift */; };
		E386E70D22A87794007BBB58 /* QRViewController.swift in Sources */ = {isa = PBXBuildFile; fileRef = E386E70C22A87794007BBB58 /* QRViewController.swift */; };
		E389AF26229DBEA500325834 /* AppDelegate.swift in Sources */ = {isa = PBXBuildFile; fileRef = E389AF25229DBEA500325834 /* AppDelegate.swift */; };
		E389AF28229DBEA500325834 /* LoginViewController.swift in Sources */ = {isa = PBXBuildFile; fileRef = E389AF27229DBEA500325834 /* LoginViewController.swift */; };
		E389AF2B229DBEA500325834 /* Main.storyboard in Resources */ = {isa = PBXBuildFile; fileRef = E389AF29229DBEA500325834 /* Main.storyboard */; };
		E389AF2E229DBEA500325834 /* AppCompras.xcdatamodeld in Sources */ = {isa = PBXBuildFile; fileRef = E389AF2C229DBEA500325834 /* AppCompras.xcdatamodeld */; };
		E38F515922B3005E00773E5C /* MenuViewController.swift in Sources */ = {isa = PBXBuildFile; fileRef = E38F515822B3005E00773E5C /* MenuViewController.swift */; };
		E38F515D22B3012400773E5C /* Menu.swift in Sources */ = {isa = PBXBuildFile; fileRef = E38F515C22B3012300773E5C /* Menu.swift */; };
		E39077B122B7A2A3009E257E /* LoginTextField.swift in Sources */ = {isa = PBXBuildFile; fileRef = E39077B022B7A2A3009E257E /* LoginTextField.swift */; };
		E39077B322B7A2BA009E257E /* RegistroTextField.swift in Sources */ = {isa = PBXBuildFile; fileRef = E39077B222B7A2BA009E257E /* RegistroTextField.swift */; };
		E39077B522B7A847009E257E /* RegistroViewController.swift in Sources */ = {isa = PBXBuildFile; fileRef = E39077B422B7A847009E257E /* RegistroViewController.swift */; };
		E39077B722B7AE3B009E257E /* User.swift in Sources */ = {isa = PBXBuildFile; fileRef = E39077B622B7AE3B009E257E /* User.swift */; };
		E39077B922B7C806009E257E /* Factura.swift in Sources */ = {isa = PBXBuildFile; fileRef = E39077B822B7C806009E257E /* Factura.swift */; };
		E39077BB22B7CD98009E257E /* DetalleFactura.swift in Sources */ = {isa = PBXBuildFile; fileRef = E39077BA22B7CD98009E257E /* DetalleFactura.swift */; };
		E39077BD22B7D4EA009E257E /* FacturaCell.swift in Sources */ = {isa = PBXBuildFile; fileRef = E39077BC22B7D4EA009E257E /* FacturaCell.swift */; };
		E39077BF22B7D525009E257E /* FacturaTableView.swift in Sources */ = {isa = PBXBuildFile; fileRef = E39077BE22B7D525009E257E /* FacturaTableView.swift */; };
		E39077C122B81713009E257E /* AlertFacturaService.swift in Sources */ = {isa = PBXBuildFile; fileRef = E39077C022B81713009E257E /* AlertFacturaService.swift */; };
		E39077C322B817B3009E257E /* FacturaAlertViewController.swift in Sources */ = {isa = PBXBuildFile; fileRef = E39077C222B817B3009E257E /* FacturaAlertViewController.swift */; };
		E39077C522B83957009E257E /* Constant.swift in Sources */ = {isa = PBXBuildFile; fileRef = E39077C422B83957009E257E /* Constant.swift */; };
		E3B5B45322A70BBE007E77C6 /* CarritoViewController.swift in Sources */ = {isa = PBXBuildFile; fileRef = E3B5B45222A70BBE007E77C6 /* CarritoViewController.swift */; };
		E3C21A9C22A0B5A7000055DC /* Assets.xcassets in Resources */ = {isa = PBXBuildFile; fileRef = E3C21A9B22A0B5A7000055DC /* Assets.xcassets */; };
		E3CCB57722B59D1D00478F4D /* CulqiAlertViewController.swift in Sources */ = {isa = PBXBuildFile; fileRef = E3CCB57622B59D1D00478F4D /* CulqiAlertViewController.swift */; };
		E3CCB57922B59FE200478F4D /* AlertService.swift in Sources */ = {isa = PBXBuildFile; fileRef = E3CCB57822B59FE200478F4D /* AlertService.swift */; };
		E3CCB57C22B5B04B00478F4D /* CustomTextField.swift in Sources */ = {isa = PBXBuildFile; fileRef = E3CCB57B22B5B04B00478F4D /* CustomTextField.swift */; };
		E408A1FF01523B174759E8E9 /* Pods_AppCompras.framework in Frameworks */ = {isa = PBXBuildFile; fileRef = 45714C7925773F8C1ED5E037 /* Pods_AppCompras.framework */; };
/* End PBXBuildFile section */

/* Begin PBXFileReference section */
		45714C7925773F8C1ED5E037 /* Pods_AppCompras.framework */ = {isa = PBXFileReference; explicitFileType = wrapper.framework; includeInIndex = 0; path = Pods_AppCompras.framework; sourceTree = BUILT_PRODUCTS_DIR; };
		7971F8F0CC277DF986FADB51 /* Pods-AppCompras.debug.xcconfig */ = {isa = PBXFileReference; includeInIndex = 1; lastKnownFileType = text.xcconfig; name = "Pods-AppCompras.debug.xcconfig"; path = "Target Support Files/Pods-AppCompras/Pods-AppCompras.debug.xcconfig"; sourceTree = "<group>"; };
		A39C9260B2DFDAB8138520EE /* Pods-AppCompras.release.xcconfig */ = {isa = PBXFileReference; includeInIndex = 1; lastKnownFileType = text.xcconfig; name = "Pods-AppCompras.release.xcconfig"; path = "Target Support Files/Pods-AppCompras/Pods-AppCompras.release.xcconfig"; sourceTree = "<group>"; };
		E32C32D622AAF576004BC16A /* ProductoModel.swift */ = {isa = PBXFileReference; lastKnownFileType = sourcecode.swift; path = ProductoModel.swift; sourceTree = "<group>"; };
		E33C3BD122B718590053F06F /* ProductosCollection.swift */ = {isa = PBXFileReference; lastKnownFileType = sourcecode.swift; path = ProductosCollection.swift; sourceTree = "<group>"; };
		E33C3BD322B71A030053F06F /* ProductosTableView.swift */ = {isa = PBXFileReference; lastKnownFileType = sourcecode.swift; path = ProductosTableView.swift; sourceTree = "<group>"; };
		E33C3BD522B71AF10053F06F /* UltimaCompraCell.swift */ = {isa = PBXFileReference; lastKnownFileType = sourcecode.swift; path = UltimaCompraCell.swift; sourceTree = "<group>"; };
		E33C3BD722B71B5C0053F06F /* PromocionesCell.swift */ = {isa = PBXFileReference; lastKnownFileType = sourcecode.swift; path = PromocionesCell.swift; sourceTree = "<group>"; };
		E33C3BD922B71BA50053F06F /* ProductosCell.swift */ = {isa = PBXFileReference; lastKnownFileType = sourcecode.swift; path = ProductosCell.swift; sourceTree = "<group>"; };
		E33C3BDB22B748650053F06F /* ProductoArray.swift */ = {isa = PBXFileReference; lastKnownFileType = sourcecode.swift; path = ProductoArray.swift; sourceTree = "<group>"; };
		E348471D22C04C5600FABDA2 /* UltimosProductos.swift */ = {isa = PBXFileReference; lastKnownFileType = sourcecode.swift; path = UltimosProductos.swift; sourceTree = "<group>"; };
		E359F1D822B05FE2000051A6 /* beep-07.mp3 */ = {isa = PBXFileReference; lastKnownFileType = audio.mp3; name = "beep-07.mp3"; path = "../beep-07.mp3"; sourceTree = "<group>"; };
		E37AF18722B61AFF002E107C /* ProductoTableViewCell.swift */ = {isa = PBXFileReference; lastKnownFileType = sourcecode.swift; path = ProductoTableViewCell.swift; sourceTree = "<group>"; };
		E386E70C22A87794007BBB58 /* QRViewController.swift */ = {isa = PBXFileReference; lastKnownFileType = sourcecode.swift; path = QRViewController.swift; sourceTree = "<group>"; };
		E389AF22229DBEA500325834 /* AppCompras.app */ = {isa = PBXFileReference; explicitFileType = wrapper.application; includeInIndex = 0; path = AppCompras.app; sourceTree = BUILT_PRODUCTS_DIR; };
		E389AF25229DBEA500325834 /* AppDelegate.swift */ = {isa = PBXFileReference; lastKnownFileType = sourcecode.swift; path = AppDelegate.swift; sourceTree = "<group>"; };
		E389AF27229DBEA500325834 /* LoginViewController.swift */ = {isa = PBXFileReference; lastKnownFileType = sourcecode.swift; path = LoginViewController.swift; sourceTree = "<group>"; };
		E389AF2A229DBEA500325834 /* Base */ = {isa = PBXFileReference; lastKnownFileType = file.storyboard; name = Base; path = Base.lproj/Main.storyboard; sourceTree = "<group>"; };
		E389AF2D229DBEA500325834 /* AppCompras.xcdatamodel */ = {isa = PBXFileReference; lastKnownFileType = wrapper.xcdatamodel; path = AppCompras.xcdatamodel; sourceTree = "<group>"; };
		E389AF34229DBEA600325834 /* Info.plist */ = {isa = PBXFileReference; lastKnownFileType = text.plist.xml; path = Info.plist; sourceTree = "<group>"; };
		E38F515822B3005E00773E5C /* MenuViewController.swift */ = {isa = PBXFileReference; fileEncoding = 4; lastKnownFileType = sourcecode.swift; path = MenuViewController.swift; sourceTree = "<group>"; };
		E38F515C22B3012300773E5C /* Menu.swift */ = {isa = PBXFileReference; lastKnownFileType = sourcecode.swift; path = Menu.swift; sourceTree = "<group>"; };
		E39077B022B7A2A3009E257E /* LoginTextField.swift */ = {isa = PBXFileReference; lastKnownFileType = sourcecode.swift; path = LoginTextField.swift; sourceTree = "<group>"; };
		E39077B222B7A2BA009E257E /* RegistroTextField.swift */ = {isa = PBXFileReference; lastKnownFileType = sourcecode.swift; path = RegistroTextField.swift; sourceTree = "<group>"; };
		E39077B422B7A847009E257E /* RegistroViewController.swift */ = {isa = PBXFileReference; lastKnownFileType = sourcecode.swift; path = RegistroViewController.swift; sourceTree = "<group>"; };
		E39077B622B7AE3B009E257E /* User.swift */ = {isa = PBXFileReference; lastKnownFileType = sourcecode.swift; path = User.swift; sourceTree = "<group>"; };
		E39077B822B7C806009E257E /* Factura.swift */ = {isa = PBXFileReference; lastKnownFileType = sourcecode.swift; path = Factura.swift; sourceTree = "<group>"; };
		E39077BA22B7CD98009E257E /* DetalleFactura.swift */ = {isa = PBXFileReference; lastKnownFileType = sourcecode.swift; path = DetalleFactura.swift; sourceTree = "<group>"; };
		E39077BC22B7D4EA009E257E /* FacturaCell.swift */ = {isa = PBXFileReference; lastKnownFileType = sourcecode.swift; path = FacturaCell.swift; sourceTree = "<group>"; };
		E39077BE22B7D525009E257E /* FacturaTableView.swift */ = {isa = PBXFileReference; lastKnownFileType = sourcecode.swift; path = FacturaTableView.swift; sourceTree = "<group>"; };
		E39077C022B81713009E257E /* AlertFacturaService.swift */ = {isa = PBXFileReference; lastKnownFileType = sourcecode.swift; path = AlertFacturaService.swift; sourceTree = "<group>"; };
		E39077C222B817B3009E257E /* FacturaAlertViewController.swift */ = {isa = PBXFileReference; lastKnownFileType = sourcecode.swift; path = FacturaAlertViewController.swift; sourceTree = "<group>"; };
		E39077C422B83957009E257E /* Constant.swift */ = {isa = PBXFileReference; lastKnownFileType = sourcecode.swift; path = Constant.swift; sourceTree = "<group>"; };
		E3B5B45222A70BBE007E77C6 /* CarritoViewController.swift */ = {isa = PBXFileReference; lastKnownFileType = sourcecode.swift; path = CarritoViewController.swift; sourceTree = "<group>"; };
		E3C21A9B22A0B5A7000055DC /* Assets.xcassets */ = {isa = PBXFileReference; lastKnownFileType = folder.assetcatalog; path = Assets.xcassets; sourceTree = "<group>"; };
		E3CCB57622B59D1D00478F4D /* CulqiAlertViewController.swift */ = {isa = PBXFileReference; lastKnownFileType = sourcecode.swift; path = CulqiAlertViewController.swift; sourceTree = "<group>"; };
		E3CCB57822B59FE200478F4D /* AlertService.swift */ = {isa = PBXFileReference; lastKnownFileType = sourcecode.swift; path = AlertService.swift; sourceTree = "<group>"; };
		E3CCB57B22B5B04B00478F4D /* CustomTextField.swift */ = {isa = PBXFileReference; lastKnownFileType = sourcecode.swift; path = CustomTextField.swift; sourceTree = "<group>"; };
/* End PBXFileReference section */

/* Begin PBXFrameworksBuildPhase section */
		E389AF1F229DBEA500325834 /* Frameworks */ = {
			isa = PBXFrameworksBuildPhase;
			buildActionMask = 2147483647;
			files = (
				E408A1FF01523B174759E8E9 /* Pods_AppCompras.framework in Frameworks */,
			);
			runOnlyForDeploymentPostprocessing = 0;
		};
/* End PBXFrameworksBuildPhase section */

/* Begin PBXGroup section */
		1FF87A02AAA78469957F94DA /* Frameworks */ = {
			isa = PBXGroup;
			children = (
				45714C7925773F8C1ED5E037 /* Pods_AppCompras.framework */,
			);
			name = Frameworks;
			sourceTree = "<group>";
		};
		E32C32D522AAF55A004BC16A /* Models */ = {
			isa = PBXGroup;
			children = (
				E38F515C22B3012300773E5C /* Menu.swift */,
				E32C32D622AAF576004BC16A /* ProductoModel.swift */,
				E33C3BDB22B748650053F06F /* ProductoArray.swift */,
				E39077B622B7AE3B009E257E /* User.swift */,
				E39077B822B7C806009E257E /* Factura.swift */,
				E39077BA22B7CD98009E257E /* DetalleFactura.swift */,
				E348471D22C04C5600FABDA2 /* UltimosProductos.swift */,
			);
			path = Models;
			sourceTree = "<group>";
		};
		E359F1D722B05FE2000051A6 /* assets */ = {
			isa = PBXGroup;
			children = (
				E359F1D822B05FE2000051A6 /* beep-07.mp3 */,
			);
			name = assets;
			path = ../../../../Desktop/assets;
			sourceTree = "<group>";
		};
		E389AF19229DBEA500325834 = {
			isa = PBXGroup;
			children = (
				E389AF24229DBEA500325834 /* AppCompras */,
				E389AF23229DBEA500325834 /* Products */,
				F819D75642461514C6497F00 /* Pods */,
				1FF87A02AAA78469957F94DA /* Frameworks */,
			);
			sourceTree = "<group>";
		};
		E389AF23229DBEA500325834 /* Products */ = {
			isa = PBXGroup;
			children = (
				E389AF22229DBEA500325834 /* AppCompras.app */,
			);
			name = Products;
			sourceTree = "<group>";
		};
		E389AF24229DBEA500325834 /* AppCompras */ = {
			isa = PBXGroup;
			children = (
				E389AF25229DBEA500325834 /* AppDelegate.swift */,
				E3CCB57A22B5B01300478F4D /* Classes */,
				E38F515E22B3019700773E5C /* Controllers */,
				E359F1D722B05FE2000051A6 /* assets */,
				E32C32D522AAF55A004BC16A /* Models */,
				E389AF29229DBEA500325834 /* Main.storyboard */,
				E3C21A9B22A0B5A7000055DC /* Assets.xcassets */,
				E389AF34229DBEA600325834 /* Info.plist */,
				E389AF2C229DBEA500325834 /* AppCompras.xcdatamodeld */,
			);
			path = AppCompras;
			sourceTree = "<group>";
		};
		E38F515E22B3019700773E5C /* Controllers */ = {
			isa = PBXGroup;
			children = (
				E38F515822B3005E00773E5C /* MenuViewController.swift */,
				E3CCB57622B59D1D00478F4D /* CulqiAlertViewController.swift */,
				E389AF27229DBEA500325834 /* LoginViewController.swift */,
				E3B5B45222A70BBE007E77C6 /* CarritoViewController.swift */,
				E386E70C22A87794007BBB58 /* QRViewController.swift */,
				E37AF18722B61AFF002E107C /* ProductoTableViewCell.swift */,
				E33C3BD122B718590053F06F /* ProductosCollection.swift */,
				E33C3BD322B71A030053F06F /* ProductosTableView.swift */,
				E33C3BD522B71AF10053F06F /* UltimaCompraCell.swift */,
				E33C3BD722B71B5C0053F06F /* PromocionesCell.swift */,
				E33C3BD922B71BA50053F06F /* ProductosCell.swift */,
				E39077B422B7A847009E257E /* RegistroViewController.swift */,
				E39077BC22B7D4EA009E257E /* FacturaCell.swift */,
				E39077BE22B7D525009E257E /* FacturaTableView.swift */,
				E39077C222B817B3009E257E /* FacturaAlertViewController.swift */,
			);
			path = Controllers;
			sourceTree = "<group>";
		};
		E3CCB57A22B5B01300478F4D /* Classes */ = {
			isa = PBXGroup;
			children = (
				E3CCB57822B59FE200478F4D /* AlertService.swift */,
				E3CCB57B22B5B04B00478F4D /* CustomTextField.swift */,
				E39077B022B7A2A3009E257E /* LoginTextField.swift */,
				E39077B222B7A2BA009E257E /* RegistroTextField.swift */,
				E39077C022B81713009E257E /* AlertFacturaService.swift */,
				E39077C422B83957009E257E /* Constant.swift */,
			);
			path = Classes;
			sourceTree = "<group>";
		};
		F819D75642461514C6497F00 /* Pods */ = {
			isa = PBXGroup;
			children = (
				7971F8F0CC277DF986FADB51 /* Pods-AppCompras.debug.xcconfig */,
				A39C9260B2DFDAB8138520EE /* Pods-AppCompras.release.xcconfig */,
			);
			path = Pods;
			sourceTree = "<group>";
		};
/* End PBXGroup section */

/* Begin PBXNativeTarget section */
		E389AF21229DBEA500325834 /* AppCompras */ = {
			isa = PBXNativeTarget;
			buildConfigurationList = E389AF37229DBEA600325834 /* Build configuration list for PBXNativeTarget "AppCompras" */;
			buildPhases = (
				97FE5A624CE931F6A9EDC982 /* [CP] Check Pods Manifest.lock */,
				E389AF1E229DBEA500325834 /* Sources */,
				E389AF1F229DBEA500325834 /* Frameworks */,
				E389AF20229DBEA500325834 /* Resources */,
				8FEAFECFB4592EAA56874573 /* [CP] Embed Pods Frameworks */,
			);
			buildRules = (
			);
			dependencies = (
			);
			name = AppCompras;
			productName = AppCompras;
			productReference = E389AF22229DBEA500325834 /* AppCompras.app */;
			productType = "com.apple.product-type.application";
		};
/* End PBXNativeTarget section */

/* Begin PBXProject section */
		E389AF1A229DBEA500325834 /* Project object */ = {
			isa = PBXProject;
			attributes = {
				LastSwiftUpdateCheck = 1010;
				LastUpgradeCheck = 1010;
				ORGANIZATIONNAME = Tecsup;
				TargetAttributes = {
					E389AF21229DBEA500325834 = {
						CreatedOnToolsVersion = 10.1;
					};
				};
			};
			buildConfigurationList = E389AF1D229DBEA500325834 /* Build configuration list for PBXProject "AppCompras" */;
			compatibilityVersion = "Xcode 9.3";
			developmentRegion = en;
			hasScannedForEncodings = 0;
			knownRegions = (
				en,
				Base,
			);
			mainGroup = E389AF19229DBEA500325834;
			productRefGroup = E389AF23229DBEA500325834 /* Products */;
			projectDirPath = "";
			projectRoot = "";
			targets = (
				E389AF21229DBEA500325834 /* AppCompras */,
			);
		};
/* End PBXProject section */

/* Begin PBXResourcesBuildPhase section */
		E389AF20229DBEA500325834 /* Resources */ = {
			isa = PBXResourcesBuildPhase;
			buildActionMask = 2147483647;
			files = (
				E3C21A9C22A0B5A7000055DC /* Assets.xcassets in Resources */,
				E359F1D922B05FE2000051A6 /* beep-07.mp3 in Resources */,
				E389AF2B229DBEA500325834 /* Main.storyboard in Resources */,
			);
			runOnlyForDeploymentPostprocessing = 0;
		};
/* End PBXResourcesBuildPhase section */

/* Begin PBXShellScriptBuildPhase section */
		8FEAFECFB4592EAA56874573 /* [CP] Embed Pods Frameworks */ = {
			isa = PBXShellScriptBuildPhase;
			buildActionMask = 2147483647;
			files = (
			);
			inputFileListPaths = (
				"${PODS_ROOT}/Target Support Files/Pods-AppCompras/Pods-AppCompras-frameworks-${CONFIGURATION}-input-files.xcfilelist",
			);
			name = "[CP] Embed Pods Frameworks";
			outputFileListPaths = (
				"${PODS_ROOT}/Target Support Files/Pods-AppCompras/Pods-AppCompras-frameworks-${CONFIGURATION}-output-files.xcfilelist",
			);
			runOnlyForDeploymentPostprocessing = 0;
			shellPath = /bin/sh;
			shellScript = "\"${PODS_ROOT}/Target Support Files/Pods-AppCompras/Pods-AppCompras-frameworks.sh\"\n";
			showEnvVarsInLog = 0;
		};
		97FE5A624CE931F6A9EDC982 /* [CP] Check Pods Manifest.lock */ = {
			isa = PBXShellScriptBuildPhase;
			buildActionMask = 2147483647;
			files = (
			);
			inputFileListPaths = (
			);
			inputPaths = (
				"${PODS_PODFILE_DIR_PATH}/Podfile.lock",
				"${PODS_ROOT}/Manifest.lock",
			);
			name = "[CP] Check Pods Manifest.lock";
			outputFileListPaths = (
			);
			outputPaths = (
				"$(DERIVED_FILE_DIR)/Pods-AppCompras-checkManifestLockResult.txt",
			);
			runOnlyForDeploymentPostprocessing = 0;
			shellPath = /bin/sh;
			shellScript = "diff \"${PODS_PODFILE_DIR_PATH}/Podfile.lock\" \"${PODS_ROOT}/Manifest.lock\" > /dev/null\nif [ $? != 0 ] ; then\n    # print error to STDERR\n    echo \"error: The sandbox is not in sync with the Podfile.lock. Run 'pod install' or update your CocoaPods installation.\" >&2\n    exit 1\nfi\n# This output is used by Xcode 'outputs' to avoid re-running this script phase.\necho \"SUCCESS\" > \"${SCRIPT_OUTPUT_FILE_0}\"\n";
			showEnvVarsInLog = 0;
		};
/* End PBXShellScriptBuildPhase section */

/* Begin PBXSourcesBuildPhase section */
		E389AF1E229DBEA500325834 /* Sources */ = {
			isa = PBXSourcesBuildPhase;
			buildActionMask = 2147483647;
			files = (
				E3CCB57C22B5B04B00478F4D /* CustomTextField.swift in Sources */,
				E389AF2E229DBEA500325834 /* AppCompras.xcdatamodeld in Sources */,
				E389AF28229DBEA500325834 /* LoginViewController.swift in Sources */,
				E32C32D722AAF576004BC16A /* ProductoModel.swift in Sources */,
				E39077C322B817B3009E257E /* FacturaAlertViewController.swift in Sources */,
				E39077BD22B7D4EA009E257E /* FacturaCell.swift in Sources */,
				E39077B522B7A847009E257E /* RegistroViewController.swift in Sources */,
				E38F515D22B3012400773E5C /* Menu.swift in Sources */,
				E33C3BDC22B748650053F06F /* ProductoArray.swift in Sources */,
				E348471E22C04C5600FABDA2 /* UltimosProductos.swift in Sources */,
				E38F515922B3005E00773E5C /* MenuViewController.swift in Sources */,
				E39077C522B83957009E257E /* Constant.swift in Sources */,
				E39077BB22B7CD98009E257E /* DetalleFactura.swift in Sources */,
				E37AF18822B61AFF002E107C /* ProductoTableViewCell.swift in Sources */,
				E389AF26229DBEA500325834 /* AppDelegate.swift in Sources */,
				E39077B722B7AE3B009E257E /* User.swift in Sources */,
				E39077B122B7A2A3009E257E /* LoginTextField.swift in Sources */,
				E39077BF22B7D525009E257E /* FacturaTableView.swift in Sources */,
				E3B5B45322A70BBE007E77C6 /* CarritoViewController.swift in Sources */,
				E33C3BD622B71AF10053F06F /* UltimaCompraCell.swift in Sources */,
				E33C3BD422B71A030053F06F /* ProductosTableView.swift in Sources */,
				E33C3BD822B71B5C0053F06F /* PromocionesCell.swift in Sources */,
				E39077B322B7A2BA009E257E /* RegistroTextField.swift in Sources */,
				E33C3BDA22B71BA50053F06F /* ProductosCell.swift in Sources */,
				E33C3BD222B718590053F06F /* ProductosCollection.swift in Sources */,
				E39077C122B81713009E257E /* AlertFacturaService.swift in Sources */,
				E386E70D22A87794007BBB58 /* QRViewController.swift in Sources */,
				E3CCB57922B59FE200478F4D /* AlertService.swift in Sources */,
				E3CCB57722B59D1D00478F4D /* CulqiAlertViewController.swift in Sources */,
				E39077B922B7C806009E257E /* Factura.swift in Sources */,
			);
			runOnlyForDeploymentPostprocessing = 0;
		};
/* End PBXSourcesBuildPhase section */

/* Begin PBXVariantGroup section */
		E389AF29229DBEA500325834 /* Main.storyboard */ = {
			isa = PBXVariantGroup;
			children = (
				E389AF2A229DBEA500325834 /* Base */,
			);
			name = Main.storyboard;
			sourceTree = "<group>";
		};
/* End PBXVariantGroup section */

/* Begin XCBuildConfiguration section */
		E389AF35229DBEA600325834 /* Debug */ = {
			isa = XCBuildConfiguration;
			buildSettings = {
				ALWAYS_SEARCH_USER_PATHS = NO;
				CLANG_ANALYZER_NONNULL = YES;
				CLANG_ANALYZER_NUMBER_OBJECT_CONVERSION = YES_AGGRESSIVE;
				CLANG_CXX_LANGUAGE_STANDARD = "gnu++14";
				CLANG_CXX_LIBRARY = "libc++";
				CLANG_ENABLE_MODULES = YES;
				CLANG_ENABLE_OBJC_ARC = YES;
				CLANG_ENABLE_OBJC_WEAK = YES;
				CLANG_WARN_BLOCK_CAPTURE_AUTORELEASING = YES;
				CLANG_WARN_BOOL_CONVERSION = YES;
				CLANG_WARN_COMMA = YES;
				CLANG_WARN_CONSTANT_CONVERSION = YES;
				CLANG_WARN_DEPRECATED_OBJC_IMPLEMENTATIONS = YES;
				CLANG_WARN_DIRECT_OBJC_ISA_USAGE = YES_ERROR;
				CLANG_WARN_DOCUMENTATION_COMMENTS = YES;
				CLANG_WARN_EMPTY_BODY = YES;
				CLANG_WARN_ENUM_CONVERSION = YES;
				CLANG_WARN_INFINITE_RECURSION = YES;
				CLANG_WARN_INT_CONVERSION = YES;
				CLANG_WARN_NON_LITERAL_NULL_CONVERSION = YES;
				CLANG_WARN_OBJC_IMPLICIT_RETAIN_SELF = YES;
				CLANG_WARN_OBJC_LITERAL_CONVERSION = YES;
				CLANG_WARN_OBJC_ROOT_CLASS = YES_ERROR;
				CLANG_WARN_RANGE_LOOP_ANALYSIS = YES;
				CLANG_WARN_STRICT_PROTOTYPES = YES;
				CLANG_WARN_SUSPICIOUS_MOVE = YES;
				CLANG_WARN_UNGUARDED_AVAILABILITY = YES_AGGRESSIVE;
				CLANG_WARN_UNREACHABLE_CODE = YES;
				CLANG_WARN__DUPLICATE_METHOD_MATCH = YES;
				CODE_SIGN_IDENTITY = "iPhone Developer";
				COPY_PHASE_STRIP = NO;
				DEBUG_INFORMATION_FORMAT = dwarf;
				ENABLE_STRICT_OBJC_MSGSEND = YES;
				ENABLE_TESTABILITY = YES;
				GCC_C_LANGUAGE_STANDARD = gnu11;
				GCC_DYNAMIC_NO_PIC = NO;
				GCC_NO_COMMON_BLOCKS = YES;
				GCC_OPTIMIZATION_LEVEL = 0;
				GCC_PREPROCESSOR_DEFINITIONS = (
					"DEBUG=1",
					"$(inherited)",
				);
				GCC_WARN_64_TO_32_BIT_CONVERSION = YES;
				GCC_WARN_ABOUT_RETURN_TYPE = YES_ERROR;
				GCC_WARN_UNDECLARED_SELECTOR = YES;
				GCC_WARN_UNINITIALIZED_AUTOS = YES_AGGRESSIVE;
				GCC_WARN_UNUSED_FUNCTION = YES;
				GCC_WARN_UNUSED_VARIABLE = YES;
				IPHONEOS_DEPLOYMENT_TARGET = 12.1;
				MTL_ENABLE_DEBUG_INFO = INCLUDE_SOURCE;
				MTL_FAST_MATH = YES;
				ONLY_ACTIVE_ARCH = YES;
				SDKROOT = iphoneos;
				SWIFT_ACTIVE_COMPILATION_CONDITIONS = DEBUG;
				SWIFT_OPTIMIZATION_LEVEL = "-Onone";
			};
			name = Debug;
		};
		E389AF36229DBEA600325834 /* Release */ = {
			isa = XCBuildConfiguration;
			buildSettings = {
				ALWAYS_SEARCH_USER_PATHS = NO;
				CLANG_ANALYZER_NONNULL = YES;
				CLANG_ANALYZER_NUMBER_OBJECT_CONVERSION = YES_AGGRESSIVE;
				CLANG_CXX_LANGUAGE_STANDARD = "gnu++14";
				CLANG_CXX_LIBRARY = "libc++";
				CLANG_ENABLE_MODULES = YES;
				CLANG_ENABLE_OBJC_ARC = YES;
				CLANG_ENABLE_OBJC_WEAK = YES;
				CLANG_WARN_BLOCK_CAPTURE_AUTORELEASING = YES;
				CLANG_WARN_BOOL_CONVERSION = YES;
				CLANG_WARN_COMMA = YES;
				CLANG_WARN_CONSTANT_CONVERSION = YES;
				CLANG_WARN_DEPRECATED_OBJC_IMPLEMENTATIONS = YES;
				CLANG_WARN_DIRECT_OBJC_ISA_USAGE = YES_ERROR;
				CLANG_WARN_DOCUMENTATION_COMMENTS = YES;
				CLANG_WARN_EMPTY_BODY = YES;
				CLANG_WARN_ENUM_CONVERSION = YES;
				CLANG_WARN_INFINITE_RECURSION = YES;
				CLANG_WARN_INT_CONVERSION = YES;
				CLANG_WARN_NON_LITERAL_NULL_CONVERSION = YES;
				CLANG_WARN_OBJC_IMPLICIT_RETAIN_SELF = YES;
				CLANG_WARN_OBJC_LITERAL_CONVERSION = YES;
				CLANG_WARN_OBJC_ROOT_CLASS = YES_ERROR;
				CLANG_WARN_RANGE_LOOP_ANALYSIS = YES;
				CLANG_WARN_STRICT_PROTOTYPES = YES;
				CLANG_WARN_SUSPICIOUS_MOVE = YES;
				CLANG_WARN_UNGUARDED_AVAILABILITY = YES_AGGRESSIVE;
				CLANG_WARN_UNREACHABLE_CODE = YES;
				CLANG_WARN__DUPLICATE_METHOD_MATCH = YES;
				CODE_SIGN_IDENTITY = "iPhone Developer";
				COPY_PHASE_STRIP = NO;
				DEBUG_INFORMATION_FORMAT = "dwarf-with-dsym";
				ENABLE_NS_ASSERTIONS = NO;
				ENABLE_STRICT_OBJC_MSGSEND = YES;
				GCC_C_LANGUAGE_STANDARD = gnu11;
				GCC_NO_COMMON_BLOCKS = YES;
				GCC_WARN_64_TO_32_BIT_CONVERSION = YES;
				GCC_WARN_ABOUT_RETURN_TYPE = YES_ERROR;
				GCC_WARN_UNDECLARED_SELECTOR = YES;
				GCC_WARN_UNINITIALIZED_AUTOS = YES_AGGRESSIVE;
				GCC_WARN_UNUSED_FUNCTION = YES;
				GCC_WARN_UNUSED_VARIABLE = YES;
				IPHONEOS_DEPLOYMENT_TARGET = 12.1;
				MTL_ENABLE_DEBUG_INFO = NO;
				MTL_FAST_MATH = YES;
				SDKROOT = iphoneos;
				SWIFT_COMPILATION_MODE = wholemodule;
				SWIFT_OPTIMIZATION_LEVEL = "-O";
				VALIDATE_PRODUCT = YES;
			};
			name = Release;
		};
		E389AF38229DBEA600325834 /* Debug */ = {
			isa = XCBuildConfiguration;
			baseConfigurationReference = 7971F8F0CC277DF986FADB51 /* Pods-AppCompras.debug.xcconfig */;
			buildSettings = {
				ASSETCATALOG_COMPILER_APPICON_NAME = AppIcon;
				CODE_SIGN_STYLE = Automatic;
				DEVELOPMENT_TEAM = VACTTZKVP5;
				INFOPLIST_FILE = AppCompras/Info.plist;
				LD_RUNPATH_SEARCH_PATHS = (
					"$(inherited)",
					"@executable_path/Frameworks",
				);
				PRODUCT_BUNDLE_IDENTIFIER = com.jrivera.AppCompras;
				PRODUCT_NAME = "$(TARGET_NAME)";
				SWIFT_VERSION = 4.0;
				TARGETED_DEVICE_FAMILY = "1,2";
			};
			name = Debug;
		};
		E389AF39229DBEA600325834 /* Release */ = {
			isa = XCBuildConfiguration;
			baseConfigurationReference = A39C9260B2DFDAB8138520EE /* Pods-AppCompras.release.xcconfig */;
			buildSettings = {
				ASSETCATALOG_COMPILER_APPICON_NAME = AppIcon;
				CODE_SIGN_STYLE = Automatic;
				DEVELOPMENT_TEAM = VACTTZKVP5;
				INFOPLIST_FILE = AppCompras/Info.plist;
				LD_RUNPATH_SEARCH_PATHS = (
					"$(inherited)",
					"@executable_path/Frameworks",
				);
				PRODUCT_BUNDLE_IDENTIFIER = com.jrivera.AppCompras;
				PRODUCT_NAME = "$(TARGET_NAME)";
				SWIFT_VERSION = 4.0;
				TARGETED_DEVICE_FAMILY = "1,2";
			};
			name = Release;
		};
/* End XCBuildConfiguration section */

/* Begin XCConfigurationList section */
		E389AF1D229DBEA500325834 /* Build configuration list for PBXProject "AppCompras" */ = {
			isa = XCConfigurationList;
			buildConfigurations = (
				E389AF35229DBEA600325834 /* Debug */,
				E389AF36229DBEA600325834 /* Release */,
			);
			defaultConfigurationIsVisible = 0;
			defaultConfigurationName = Release;
		};
		E389AF37229DBEA600325834 /* Build configuration list for PBXNativeTarget "AppCompras" */ = {
			isa = XCConfigurationList;
			buildConfigurations = (
				E389AF38229DBEA600325834 /* Debug */,
				E389AF39229DBEA600325834 /* Release */,
			);
			defaultConfigurationIsVisible = 0;
			defaultConfigurationName = Release;
		};
/* End XCConfigurationList section */

/* Begin XCVersionGroup section */
		E389AF2C229DBEA500325834 /* AppCompras.xcdatamodeld */ = {
			isa = XCVersionGroup;
			children = (
				E389AF2D229DBEA500325834 /* AppCompras.xcdatamodel */,
			);
			currentVersion = E389AF2D229DBEA500325834 /* AppCompras.xcdatamodel */;
			path = AppCompras.xcdatamodeld;
			sourceTree = "<group>";
			versionGroupType = wrapper.xcdatamodel;
		};
/* End XCVersionGroup section */
	};
	rootObject = E389AF1A229DBEA500325834 /* Project object */;
}
